
Microsoft Visual Studio Solution File, Format Version 12.00
# Visual Studio Version 17
VisualStudioVersion = 17.9.34902.65
MinimumVisualStudioVersion = 10.0.40219.1
Project("{FAE04EC0-301F-11D3-BF4B-00C04F79EFBC}") = "JO2024andyrtv", "JO2024andyrtv.csproj", "{FAD7D410-C78B-4BE3-AA3A-8A72E21DFEE3}"
EndProject
Global
	GlobalSection(SolutionConfigurationPlatforms) = preSolution
		Debug|Any CPU = Debug|Any CPU
		Release|Any CPU = Release|Any CPU
	EndGlobalSection
	GlobalSection(ProjectConfigurationPlatforms) = postSolution
		{FAD7D410-C78B-4BE3-AA3A-8A72E21DFEE3}.Debug|Any CPU.ActiveCfg = Debug|Any CPU
		{FAD7D410-C78B-4BE3-AA3A-8A72E21DFEE3}.Debug|Any CPU.Build.0 = Debug|Any CPU
		{FAD7D410-C78B-4BE3-AA3A-8A72E21DFEE3}.Release|Any CPU.ActiveCfg = Release|Any CPU
		{FAD7D410-C78B-4BE3-AA3A-8A72E21DFEE3}.Release|Any CPU.Build.0 = Release|Any CPU
	EndGlobalSection
	GlobalSection(SolutionProperties) = preSolution
		HideSolutionNode = FALSE
	EndGlobalSection
	GlobalSection(ExtensibilityGlobals) = postSolution
		SolutionGuid = {2ED4F9B3-F238-46A6-9B77-04A2B854B440}
	EndGlobalSection
EndGlobal
